{
  "version": 4,
  "terraform_version": "1.6.4",
  "serial": 13,
  "lineage": "3cff26d5-6605-dfb7-aed1-275cb0db28dc",
  "outputs": {},
  "resources": [
    {
      "mode": "managed",
      "type": "azurerm_linux_virtual_machine",
      "name": "portfolio_vm",
      "provider": "provider[\"registry.terraform.io/hashicorp/azurerm\"]",
      "instances": [
        {
          "schema_version": 0,
          "attributes": {
            "additional_capabilities": [],
            "admin_password": null,
            "admin_ssh_key": [
              {
                "public_key": "ssh-rsa AAAAB3NzaC1yc2EAAAADAQABAAACAQDR3/b4gzeUp3CNJHTgle/S763+CCJNRMzrB2Tm8Jigj2EmoOkeYgcuF+mGahsHaQV3/ptpxvZq3WSqhhybE+Vz4aLEavp2tPlxN9y84N5f8XVkDQn/DPV6aNQxhKCzO+7Cn+CmewN9Efgsi4wFtHTTLEspRqoYMX/7Q2rF/OuWB9q2PrkI4UsyApHB+26lCCKELGNgQstxFhEKRrx8EbBhn4AuGGuuu6jCWqAs3vxQCeSEKb0tKp7896ECWRnHD/Hbg0s6X2C7Nq2lusGfS2d63ZmuPePHuK7aVbQsl3CTAdl1ajFBpjgitmEdV092v3Ga1Zg4k2raHsEygz55fe2ex9BzXf1oq/tNGeqk2nPKSJ1XRKcZ8jOBLMw/wNxxLLyTkyri2gqrDW1zTO31HrWjFrDkB7wCAaLrzBjLSjswC3qx613MOScMFil4UcP0FmrZVCFj8EmM3+fEieBAr1UTuPatAVSfD4Ld84cLtuv2MtTH1g1tHgztcMtGAmXyXjZM9iJWMWIxF4fZrE8DOGbv6p0jO32lDpJ3HeS8az9DSeUtRePZEdARO0OB5p8WKA5ky29i+hl90i5KQEC4ya3x/ltwJ3jQW5EcDkEsEvDGISUwNfcwwKRGgqU2E7qhVzBC8Cc+s0YCPCuY7FsS73cCHCLh8T2tyogeO4o269viQw== havardvestbo@Havards-MacBook-Pro.local\n",
                "username": "adminuser"
              }
            ],
            "admin_username": "adminuser",
            "allow_extension_operations": true,
            "availability_set_id": "",
            "boot_diagnostics": [],
            "bypass_platform_safety_checks_on_user_schedule_enabled": false,
            "capacity_reservation_group_id": "",
            "computer_name": "portfoliovm",
            "custom_data": null,
            "dedicated_host_group_id": "",
            "dedicated_host_id": "",
            "disable_password_authentication": true,
            "edge_zone": "",
            "encryption_at_host_enabled": false,
            "eviction_policy": "",
            "extensions_time_budget": "PT1H30M",
            "gallery_application": [],
            "id": "/subscriptions/bb06fb48-7739-4317-ab9a-718fef052c81/resourceGroups/portfolio/providers/Microsoft.Compute/virtualMachines/portfoliovm",
            "identity": [],
            "license_type": "",
            "location": "northeurope",
            "max_bid_price": -1,
            "name": "portfoliovm",
            "network_interface_ids": [
              "/subscriptions/bb06fb48-7739-4317-ab9a-718fef052c81/resourceGroups/portfolio/providers/Microsoft.Network/networkInterfaces/portfolio_nic"
            ],
            "os_disk": [
              {
                "caching": "ReadWrite",
                "diff_disk_settings": [],
                "disk_encryption_set_id": "",
                "disk_size_gb": 30,
                "name": "portfoliovm_disk1_074018e0472f496f9e09b31489ee2824",
                "secure_vm_disk_encryption_set_id": "",
                "security_encryption_type": "",
                "storage_account_type": "Standard_LRS",
                "write_accelerator_enabled": false
              }
            ],
            "patch_assessment_mode": "ImageDefault",
            "patch_mode": "ImageDefault",
            "plan": [],
            "platform_fault_domain": -1,
            "priority": "Regular",
            "private_ip_address": "10.0.1.4",
            "private_ip_addresses": [
              "10.0.1.4"
            ],
            "provision_vm_agent": true,
            "proximity_placement_group_id": "",
            "public_ip_address": "98.71.97.207",
            "public_ip_addresses": [
              "98.71.97.207"
            ],
            "reboot_setting": "",
            "resource_group_name": "portfolio",
            "secret": [],
            "secure_boot_enabled": false,
            "size": "Standard_DS1_v2",
            "source_image_id": "",
            "source_image_reference": [
              {
                "offer": "UbuntuServer",
                "publisher": "Canonical",
                "sku": "18.04-LTS",
                "version": "latest"
              }
            ],
            "tags": null,
            "termination_notification": null,
            "timeouts": null,
            "user_data": "",
            "virtual_machine_id": "7741d185-e9d6-41a8-8e93-8c5ad06eed57",
            "virtual_machine_scale_set_id": "",
            "vtpm_enabled": false,
            "zone": ""
          },
          "sensitive_attributes": [],
          "private": "eyJlMmJmYjczMC1lY2FhLTExZTYtOGY4OC0zNDM2M2JjN2M0YzAiOnsiY3JlYXRlIjoyNzAwMDAwMDAwMDAwLCJkZWxldGUiOjI3MDAwMDAwMDAwMDAsInJlYWQiOjMwMDAwMDAwMDAwMCwidXBkYXRlIjoyNzAwMDAwMDAwMDAwfX0=",
          "dependencies": [
            "azurerm_network_interface.portfolio_nic",
            "azurerm_public_ip.portfolio_public_ip",
            "azurerm_resource_group.portfolio",
            "azurerm_subnet.portfolio_subnet",
            "azurerm_virtual_network.portfolio_network"
          ]
        }
      ]
    },
    {
      "mode": "managed",
      "type": "azurerm_network_interface",
      "name": "portfolio_nic",
      "provider": "provider[\"registry.terraform.io/hashicorp/azurerm\"]",
      "instances": [
        {
          "schema_version": 0,
          "attributes": {
            "applied_dns_servers": [],
            "auxiliary_mode": "",
            "auxiliary_sku": "",
            "dns_servers": [],
            "edge_zone": "",
            "enable_accelerated_networking": false,
            "enable_ip_forwarding": false,
            "id": "/subscriptions/bb06fb48-7739-4317-ab9a-718fef052c81/resourceGroups/portfolio/providers/Microsoft.Network/networkInterfaces/portfolio_nic",
            "internal_dns_name_label": "",
            "internal_domain_name_suffix": "bxu2b4xhwytuvg1t32o032gpie.fx.internal.cloudapp.net",
            "ip_configuration": [
              {
                "gateway_load_balancer_frontend_ip_configuration_id": "",
                "name": "ipconfig1",
                "primary": true,
                "private_ip_address": "10.0.1.4",
                "private_ip_address_allocation": "Dynamic",
                "private_ip_address_version": "IPv4",
                "public_ip_address_id": "/subscriptions/bb06fb48-7739-4317-ab9a-718fef052c81/resourceGroups/portfolio/providers/Microsoft.Network/publicIPAddresses/portfolio_public_ip",
                "subnet_id": "/subscriptions/bb06fb48-7739-4317-ab9a-718fef052c81/resourceGroups/portfolio/providers/Microsoft.Network/virtualNetworks/portfolio_network/subnets/portfolio_subnet"
              }
            ],
            "location": "northeurope",
            "mac_address": "",
            "name": "portfolio_nic",
            "private_ip_address": "10.0.1.4",
            "private_ip_addresses": [
              "10.0.1.4"
            ],
            "resource_group_name": "portfolio",
            "tags": {},
            "timeouts": null,
            "virtual_machine_id": ""
          },
          "sensitive_attributes": [],
          "private": "eyJlMmJmYjczMC1lY2FhLTExZTYtOGY4OC0zNDM2M2JjN2M0YzAiOnsiY3JlYXRlIjoxODAwMDAwMDAwMDAwLCJkZWxldGUiOjE4MDAwMDAwMDAwMDAsInJlYWQiOjMwMDAwMDAwMDAwMCwidXBkYXRlIjoxODAwMDAwMDAwMDAwfX0=",
          "dependencies": [
            "azurerm_public_ip.portfolio_public_ip",
            "azurerm_resource_group.portfolio",
            "azurerm_subnet.portfolio_subnet",
            "azurerm_virtual_network.portfolio_network"
          ]
        }
      ]
    },
    {
      "mode": "managed",
      "type": "azurerm_network_security_group",
      "name": "portfolio_nsg",
      "provider": "provider[\"registry.terraform.io/hashicorp/azurerm\"]",
      "instances": [
        {
          "schema_version": 0,
          "attributes": {
            "id": "/subscriptions/bb06fb48-7739-4317-ab9a-718fef052c81/resourceGroups/portfolio/providers/Microsoft.Network/networkSecurityGroups/portfolio_nsg",
            "location": "northeurope",
            "name": "portfolio_nsg",
            "resource_group_name": "portfolio",
            "security_rule": [
              {
                "access": "Allow",
                "description": "",
                "destination_address_prefix": "*",
                "destination_address_prefixes": [],
                "destination_application_security_group_ids": [],
                "destination_port_range": "80",
                "destination_port_ranges": [],
                "direction": "Inbound",
                "name": "http_rule",
                "priority": 100,
                "protocol": "Tcp",
                "source_address_prefix": "*",
                "source_address_prefixes": [],
                "source_application_security_group_ids": [],
                "source_port_range": "*",
                "source_port_ranges": []
              }
            ],
            "tags": {},
            "timeouts": null
          },
          "sensitive_attributes": [],
          "private": "eyJlMmJmYjczMC1lY2FhLTExZTYtOGY4OC0zNDM2M2JjN2M0YzAiOnsiY3JlYXRlIjoxODAwMDAwMDAwMDAwLCJkZWxldGUiOjE4MDAwMDAwMDAwMDAsInJlYWQiOjMwMDAwMDAwMDAwMCwidXBkYXRlIjoxODAwMDAwMDAwMDAwfX0=",
          "dependencies": [
            "azurerm_resource_group.portfolio"
          ]
        }
      ]
    },
    {
      "mode": "managed",
      "type": "azurerm_network_security_rule",
      "name": "http_rule",
      "provider": "provider[\"registry.terraform.io/hashicorp/azurerm\"]",
      "instances": [
        {
          "schema_version": 0,
          "attributes": {
            "access": "Allow",
            "description": "",
            "destination_address_prefix": "*",
            "destination_address_prefixes": [],
            "destination_application_security_group_ids": [],
            "destination_port_range": "80",
            "destination_port_ranges": [],
            "direction": "Inbound",
            "id": "/subscriptions/bb06fb48-7739-4317-ab9a-718fef052c81/resourceGroups/portfolio/providers/Microsoft.Network/networkSecurityGroups/portfolio_nsg/securityRules/http_rule",
            "name": "http_rule",
            "network_security_group_name": "portfolio_nsg",
            "priority": 100,
            "protocol": "Tcp",
            "resource_group_name": "portfolio",
            "source_address_prefix": "*",
            "source_address_prefixes": [],
            "source_application_security_group_ids": [],
            "source_port_range": "*",
            "source_port_ranges": [],
            "timeouts": null
          },
          "sensitive_attributes": [],
          "private": "eyJlMmJmYjczMC1lY2FhLTExZTYtOGY4OC0zNDM2M2JjN2M0YzAiOnsiY3JlYXRlIjoxODAwMDAwMDAwMDAwLCJkZWxldGUiOjE4MDAwMDAwMDAwMDAsInJlYWQiOjMwMDAwMDAwMDAwMCwidXBkYXRlIjoxODAwMDAwMDAwMDAwfX0=",
          "dependencies": [
            "azurerm_network_security_group.portfolio_nsg",
            "azurerm_resource_group.portfolio"
          ]
        }
      ]
    },
    {
      "mode": "managed",
      "type": "azurerm_public_ip",
      "name": "portfolio_public_ip",
      "provider": "provider[\"registry.terraform.io/hashicorp/azurerm\"]",
      "instances": [
        {
          "schema_version": 0,
          "attributes": {
            "allocation_method": "Static",
            "ddos_protection_mode": "VirtualNetworkInherited",
            "ddos_protection_plan_id": null,
            "domain_name_label": null,
            "edge_zone": "",
            "fqdn": null,
            "id": "/subscriptions/bb06fb48-7739-4317-ab9a-718fef052c81/resourceGroups/portfolio/providers/Microsoft.Network/publicIPAddresses/portfolio_public_ip",
            "idle_timeout_in_minutes": 4,
            "ip_address": "98.71.97.207",
            "ip_tags": {},
            "ip_version": "IPv4",
            "location": "northeurope",
            "name": "portfolio_public_ip",
            "public_ip_prefix_id": null,
            "resource_group_name": "portfolio",
            "reverse_fqdn": null,
            "sku": "Basic",
            "sku_tier": "Regional",
            "tags": {},
            "timeouts": null,
            "zones": []
          },
          "sensitive_attributes": [],
          "private": "eyJlMmJmYjczMC1lY2FhLTExZTYtOGY4OC0zNDM2M2JjN2M0YzAiOnsiY3JlYXRlIjoxODAwMDAwMDAwMDAwLCJkZWxldGUiOjE4MDAwMDAwMDAwMDAsInJlYWQiOjMwMDAwMDAwMDAwMCwidXBkYXRlIjoxODAwMDAwMDAwMDAwfX0=",
          "dependencies": [
            "azurerm_resource_group.portfolio"
          ]
        }
      ]
    },
    {
      "mode": "managed",
      "type": "azurerm_resource_group",
      "name": "portfolio",
      "provider": "provider[\"registry.terraform.io/hashicorp/azurerm\"]",
      "instances": [
        {
          "schema_version": 0,
          "attributes": {
            "id": "/subscriptions/bb06fb48-7739-4317-ab9a-718fef052c81/resourceGroups/portfolio",
            "location": "northeurope",
            "managed_by": "",
            "name": "portfolio",
            "tags": {},
            "timeouts": null
          },
          "sensitive_attributes": [],
          "private": "eyJlMmJmYjczMC1lY2FhLTExZTYtOGY4OC0zNDM2M2JjN2M0YzAiOnsiY3JlYXRlIjo1NDAwMDAwMDAwMDAwLCJkZWxldGUiOjU0MDAwMDAwMDAwMDAsInJlYWQiOjMwMDAwMDAwMDAwMCwidXBkYXRlIjo1NDAwMDAwMDAwMDAwfX0="
        }
      ]
    },
    {
      "mode": "managed",
      "type": "azurerm_subnet",
      "name": "portfolio_subnet",
      "provider": "provider[\"registry.terraform.io/hashicorp/azurerm\"]",
      "instances": [
        {
          "schema_version": 0,
          "attributes": {
            "address_prefixes": [
              "10.0.1.0/24"
            ],
            "delegation": [],
            "enforce_private_link_endpoint_network_policies": false,
            "enforce_private_link_service_network_policies": false,
            "id": "/subscriptions/bb06fb48-7739-4317-ab9a-718fef052c81/resourceGroups/portfolio/providers/Microsoft.Network/virtualNetworks/portfolio_network/subnets/portfolio_subnet",
            "name": "portfolio_subnet",
            "private_endpoint_network_policies_enabled": true,
            "private_link_service_network_policies_enabled": true,
            "resource_group_name": "portfolio",
            "service_endpoint_policy_ids": [],
            "service_endpoints": [],
            "timeouts": null,
            "virtual_network_name": "portfolio_network"
          },
          "sensitive_attributes": [],
          "private": "eyJlMmJmYjczMC1lY2FhLTExZTYtOGY4OC0zNDM2M2JjN2M0YzAiOnsiY3JlYXRlIjoxODAwMDAwMDAwMDAwLCJkZWxldGUiOjE4MDAwMDAwMDAwMDAsInJlYWQiOjMwMDAwMDAwMDAwMCwidXBkYXRlIjoxODAwMDAwMDAwMDAwfX0=",
          "dependencies": [
            "azurerm_resource_group.portfolio",
            "azurerm_virtual_network.portfolio_network"
          ]
        }
      ]
    },
    {
      "mode": "managed",
      "type": "azurerm_virtual_network",
      "name": "portfolio_network",
      "provider": "provider[\"registry.terraform.io/hashicorp/azurerm\"]",
      "instances": [
        {
          "schema_version": 0,
          "attributes": {
            "address_space": [
              "10.0.0.0/16"
            ],
            "bgp_community": "",
            "ddos_protection_plan": [],
            "dns_servers": [],
            "edge_zone": "",
            "encryption": [],
            "flow_timeout_in_minutes": 0,
            "guid": "fac0e90d-b6e7-4a27-9b73-ef1daef0cf44",
            "id": "/subscriptions/bb06fb48-7739-4317-ab9a-718fef052c81/resourceGroups/portfolio/providers/Microsoft.Network/virtualNetworks/portfolio_network",
            "location": "northeurope",
            "name": "portfolio_network",
            "resource_group_name": "portfolio",
            "subnet": [
              {
                "address_prefix": "10.0.1.0/24",
                "id": "/subscriptions/bb06fb48-7739-4317-ab9a-718fef052c81/resourceGroups/portfolio/providers/Microsoft.Network/virtualNetworks/portfolio_network/subnets/portfolio_subnet",
                "name": "portfolio_subnet",
                "security_group": ""
              }
            ],
            "tags": {},
            "timeouts": null
          },
          "sensitive_attributes": [],
          "private": "eyJlMmJmYjczMC1lY2FhLTExZTYtOGY4OC0zNDM2M2JjN2M0YzAiOnsiY3JlYXRlIjoxODAwMDAwMDAwMDAwLCJkZWxldGUiOjE4MDAwMDAwMDAwMDAsInJlYWQiOjMwMDAwMDAwMDAwMCwidXBkYXRlIjoxODAwMDAwMDAwMDAwfX0=",
          "dependencies": [
            "azurerm_resource_group.portfolio"
          ]
        }
      ]
    }
  ],
  "check_results": null
}
